
Microsoft Visual Studio Solution File, Format Version 12.00
# Visual Studio Version 16
VisualStudioVersion = 16.0.30621.155
MinimumVisualStudioVersion = 10.0.40219.1
Project("{FAE04EC0-301F-11D3-BF4B-00C04F79EFBC}") = "APIapplicationCore", "APIaplicationCore\APIapplicationCore.csproj", "{DDBB983D-ED4D-4B41-B9CA-FA6696AF1356}"
EndProject
Project("{FAE04EC0-301F-11D3-BF4B-00C04F79EFBC}") = "APIapplicationUI", "APIaplicationUI\APIapplicationUI\APIapplicationUI.csproj", "{51667695-E5EE-41B2-B5A9-4347DB607540}"
EndProject
Global
	GlobalSection(SolutionConfigurationPlatforms) = preSolution
		Debug|Any CPU = Debug|Any CPU
		Release|Any CPU = Release|Any CPU
	EndGlobalSection
	GlobalSection(ProjectConfigurationPlatforms) = postSolution
		{DDBB983D-ED4D-4B41-B9CA-FA6696AF1356}.Debug|Any CPU.ActiveCfg = Debug|Any CPU
		{DDBB983D-ED4D-4B41-B9CA-FA6696AF1356}.Debug|Any CPU.Build.0 = Debug|Any CPU
		{DDBB983D-ED4D-4B41-B9CA-FA6696AF1356}.Release|Any CPU.ActiveCfg = Release|Any CPU
		{DDBB983D-ED4D-4B41-B9CA-FA6696AF1356}.Release|Any CPU.Build.0 = Release|Any CPU
		{51667695-E5EE-41B2-B5A9-4347DB607540}.Debug|Any CPU.ActiveCfg = Debug|Any CPU
		{51667695-E5EE-41B2-B5A9-4347DB607540}.Debug|Any CPU.Build.0 = Debug|Any CPU
		{51667695-E5EE-41B2-B5A9-4347DB607540}.Release|Any CPU.ActiveCfg = Release|Any CPU
		{51667695-E5EE-41B2-B5A9-4347DB607540}.Release|Any CPU.Build.0 = Release|Any CPU
	EndGlobalSection
	GlobalSection(SolutionProperties) = preSolution
		HideSolutionNode = FALSE
	EndGlobalSection
	GlobalSection(ExtensibilityGlobals) = postSolution
		SolutionGuid = {B7B4C9CB-81C9-453E-8738-599A9E2DF3EA}
	EndGlobalSection
EndGlobal
