
Microsoft Visual Studio Solution File, Format Version 12.00
# Visual Studio Version 16
VisualStudioVersion = 16.0.30621.155
MinimumVisualStudioVersion = 10.0.40219.1
Project("{FAE04EC0-301F-11D3-BF4B-00C04F79EFBC}") = "APIapplicationsCore", "TeachMeSkills\APIaplications\ClassLibrary1\APIapplicationsCore.csproj", "{5D16D2F4-212B-47BB-8555-747A9BF60134}"
EndProject
Project("{FAE04EC0-301F-11D3-BF4B-00C04F79EFBC}") = "APIapplicationsUI", "TeachMeSkills\APIaplications\APIaplicationsUI\APIapplicationsUI.csproj", "{FA87C558-B36B-424C-941B-0937B1B87648}"
EndProject
Global
	GlobalSection(SolutionConfigurationPlatforms) = preSolution
		Debug|Any CPU = Debug|Any CPU
		Release|Any CPU = Release|Any CPU
	EndGlobalSection
	GlobalSection(ProjectConfigurationPlatforms) = postSolution
		{5D16D2F4-212B-47BB-8555-747A9BF60134}.Debug|Any CPU.ActiveCfg = Debug|Any CPU
		{5D16D2F4-212B-47BB-8555-747A9BF60134}.Debug|Any CPU.Build.0 = Debug|Any CPU
		{5D16D2F4-212B-47BB-8555-747A9BF60134}.Release|Any CPU.ActiveCfg = Release|Any CPU
		{5D16D2F4-212B-47BB-8555-747A9BF60134}.Release|Any CPU.Build.0 = Release|Any CPU
		{FA87C558-B36B-424C-941B-0937B1B87648}.Debug|Any CPU.ActiveCfg = Debug|Any CPU
		{FA87C558-B36B-424C-941B-0937B1B87648}.Debug|Any CPU.Build.0 = Debug|Any CPU
		{FA87C558-B36B-424C-941B-0937B1B87648}.Release|Any CPU.ActiveCfg = Release|Any CPU
		{FA87C558-B36B-424C-941B-0937B1B87648}.Release|Any CPU.Build.0 = Release|Any CPU
	EndGlobalSection
	GlobalSection(SolutionProperties) = preSolution
		HideSolutionNode = FALSE
	EndGlobalSection
	GlobalSection(ExtensibilityGlobals) = postSolution
		SolutionGuid = {E3613169-40C0-4EC6-AEE8-107363E812E5}
	EndGlobalSection
EndGlobal
